
Microsoft Visual Studio Solution File, Format Version 12.00
# Visual Studio Version 16
VisualStudioVersion = 16.0.31410.357
MinimumVisualStudioVersion = 10.0.40219.1
Project("{FAE04EC0-301F-11D3-BF4B-00C04F79EFBC}") = "AspNetCoreWebApiCqrsMediatr", "AspNetCoreWebApiCqrsMediatr\AspNetCoreWebApiCqrsMediatr.csproj", "{591903E5-F8F8-47B7-AAA7-E96E22319B37}"
EndProject
Global
	GlobalSection(SolutionConfigurationPlatforms) = preSolution
		Debug|Any CPU = Debug|Any CPU
		Release|Any CPU = Release|Any CPU
	EndGlobalSection
	GlobalSection(ProjectConfigurationPlatforms) = postSolution
		{591903E5-F8F8-47B7-AAA7-E96E22319B37}.Debug|Any CPU.ActiveCfg = Debug|Any CPU
		{591903E5-F8F8-47B7-AAA7-E96E22319B37}.Debug|Any CPU.Build.0 = Debug|Any CPU
		{591903E5-F8F8-47B7-AAA7-E96E22319B37}.Release|Any CPU.ActiveCfg = Release|Any CPU
		{591903E5-F8F8-47B7-AAA7-E96E22319B37}.Release|Any CPU.Build.0 = Release|Any CPU
	EndGlobalSection
	GlobalSection(SolutionProperties) = preSolution
		HideSolutionNode = FALSE
	EndGlobalSection
	GlobalSection(ExtensibilityGlobals) = postSolution
		SolutionGuid = {F6BEA802-310E-445E-8D77-9835B1B955A6}
	EndGlobalSection
EndGlobal
